github.com/koron/gelatin v0.0.0-20160729020448-88d6a03ce765 h1:/k2Hth0PQq47SNc2pvOnwEQbjtu7HgtQu8TFXKhABKE=
github.com/koron/gelatin v0.0.0-20160729020448-88d6a03ce765/go.mod h1:TJD1ti844npsMLPGgPPLa1Ozaz0W36N9EL6dQmTZ0kU=
github.com/koron/go-skkdict v0.0.0-20160727125427-1bfa372d61d2 h1:ibW6FKhStt/gAMEndugP/3kNb/Dm+eWEx9rjCMN37A8=
github.com/koron/go-skkdict v0.0.0-20160727125427-1bfa372d61d2/go.mod h1:RHH1ylFPxnWBxAbpUZraJ4iCu4GO0jvbvx0VIDawT8w=
